
Microsoft Visual Studio Solution File, Format Version 12.00
# Visual Studio Version 17
VisualStudioVersion = 17.10.35013.160
MinimumVisualStudioVersion = 10.0.40219.1
Project("{FAE04EC0-301F-11D3-BF4B-00C04F79EFBC}") = "SingleResponsibilityPriciple", "SingleResponsibilityPriciple\SingleResponsibilityPriciple.csproj", "{ABCF6A2F-660E-452C-B1DA-D0F3C4FDD684}"
EndProject
Project("{FAE04EC0-301F-11D3-BF4B-00C04F79EFBC}") = "OpenClosePrinciple", "OpenClosePrinciple\OpenClosePrinciple.csproj", "{AD6537D2-00E3-4ADE-ACA0-271E1D601AD7}"
EndProject
Global
	GlobalSection(SolutionConfigurationPlatforms) = preSolution
		Debug|Any CPU = Debug|Any CPU
		Release|Any CPU = Release|Any CPU
	EndGlobalSection
	GlobalSection(ProjectConfigurationPlatforms) = postSolution
		{ABCF6A2F-660E-452C-B1DA-D0F3C4FDD684}.Debug|Any CPU.ActiveCfg = Debug|Any CPU
		{ABCF6A2F-660E-452C-B1DA-D0F3C4FDD684}.Debug|Any CPU.Build.0 = Debug|Any CPU
		{ABCF6A2F-660E-452C-B1DA-D0F3C4FDD684}.Release|Any CPU.ActiveCfg = Release|Any CPU
		{ABCF6A2F-660E-452C-B1DA-D0F3C4FDD684}.Release|Any CPU.Build.0 = Release|Any CPU
		{AD6537D2-00E3-4ADE-ACA0-271E1D601AD7}.Debug|Any CPU.ActiveCfg = Debug|Any CPU
		{AD6537D2-00E3-4ADE-ACA0-271E1D601AD7}.Debug|Any CPU.Build.0 = Debug|Any CPU
		{AD6537D2-00E3-4ADE-ACA0-271E1D601AD7}.Release|Any CPU.ActiveCfg = Release|Any CPU
		{AD6537D2-00E3-4ADE-ACA0-271E1D601AD7}.Release|Any CPU.Build.0 = Release|Any CPU
	EndGlobalSection
	GlobalSection(SolutionProperties) = preSolution
		HideSolutionNode = FALSE
	EndGlobalSection
	GlobalSection(ExtensibilityGlobals) = postSolution
		SolutionGuid = {86F8EF50-DDFB-4B4B-A32C-DE32EE8623ED}
	EndGlobalSection
EndGlobal
